
Microsoft Visual Studio Solution File, Format Version 11.00
# Visual Studio 2010
Project("{FAE04EC0-301F-11D3-BF4B-00C04F79EFBC}") = "Assembly-CSharp", "Assembly-CSharp.csproj", "{58992b83-3dc8-97aa-cfc4-d16ec95d40a0}"
EndProject
Project("{FAE04EC0-301F-11D3-BF4B-00C04F79EFBC}") = "Assembly-CSharp-firstpass", "Assembly-CSharp-firstpass.csproj", "{c2f1a8fe-b4d4-595a-65a3-3ef50bfd2030}"
EndProject
Project("{FAE04EC0-301F-11D3-BF4B-00C04F79EFBC}") = "Assembly-CSharp-Editor-firstpass", "Assembly-CSharp-Editor-firstpass.csproj", "{5ebda58d-8e26-54bf-2cc4-ba7641d91209}"
EndProject
Global
	GlobalSection(SolutionConfigurationPlatforms) = preSolution
		Debug|Any CPU = Debug|Any CPU
	EndGlobalSection
	GlobalSection(ProjectConfigurationPlatforms) = postSolution
		{58992b83-3dc8-97aa-cfc4-d16ec95d40a0}.Debug|Any CPU.ActiveCfg = Debug|Any CPU
		{58992b83-3dc8-97aa-cfc4-d16ec95d40a0}.Debug|Any CPU.Build.0 = Debug|Any CPU
		{c2f1a8fe-b4d4-595a-65a3-3ef50bfd2030}.Debug|Any CPU.ActiveCfg = Debug|Any CPU
		{c2f1a8fe-b4d4-595a-65a3-3ef50bfd2030}.Debug|Any CPU.Build.0 = Debug|Any CPU
		{5ebda58d-8e26-54bf-2cc4-ba7641d91209}.Debug|Any CPU.ActiveCfg = Debug|Any CPU
		{5ebda58d-8e26-54bf-2cc4-ba7641d91209}.Debug|Any CPU.Build.0 = Debug|Any CPU
	EndGlobalSection
	GlobalSection(SolutionProperties) = preSolution
		HideSolutionNode = FALSE
	EndGlobalSection
EndGlobal
